
Microsoft Visual Studio Solution File, Format Version 12.00
# Visual Studio Version 17
VisualStudioVersion = 17.3.32929.385
MinimumVisualStudioVersion = 10.0.40219.1
Project("{FAE04EC0-301F-11D3-BF4B-00C04F79EFBC}") = "Съедобное-несъедобное", "Съедобное-несъедобное.csproj", "{D842157C-84E8-4887-B28A-25B983449FB9}"
EndProject
Global
	GlobalSection(SolutionConfigurationPlatforms) = preSolution
		Debug|Any CPU = Debug|Any CPU
		Release|Any CPU = Release|Any CPU
	EndGlobalSection
	GlobalSection(ProjectConfigurationPlatforms) = postSolution
		{D842157C-84E8-4887-B28A-25B983449FB9}.Debug|Any CPU.ActiveCfg = Debug|Any CPU
		{D842157C-84E8-4887-B28A-25B983449FB9}.Debug|Any CPU.Build.0 = Debug|Any CPU
		{D842157C-84E8-4887-B28A-25B983449FB9}.Release|Any CPU.ActiveCfg = Release|Any CPU
		{D842157C-84E8-4887-B28A-25B983449FB9}.Release|Any CPU.Build.0 = Release|Any CPU
	EndGlobalSection
	GlobalSection(SolutionProperties) = preSolution
		HideSolutionNode = FALSE
	EndGlobalSection
	GlobalSection(ExtensibilityGlobals) = postSolution
		SolutionGuid = {6C6E4EFE-0B3D-49FD-BA94-5B4CFE74B02B}
	EndGlobalSection
EndGlobal
